
Microsoft Visual Studio Solution File, Format Version 12.00
# Visual Studio Version 17
VisualStudioVersion = 17.11.35327.3
MinimumVisualStudioVersion = 10.0.40219.1
Project("{2150E333-8FDC-42A3-9474-1A3956D46DE8}") = "src", "src", "{6010699C-5866-46DB-8FED-32239EF1CBA5}"
EndProject
Project("{9A19103F-16F7-4668-BE54-9A1E7A4F7556}") = "Api", "Api\Api.csproj", "{478563D5-5BA4-4373-B58B-5732751DBAA1}"
EndProject
Project("{9A19103F-16F7-4668-BE54-9A1E7A4F7556}") = "Communication", "Communication\Communication.csproj", "{9C7283CE-CBE8-407F-96DC-9F1A93CDF8E4}"
EndProject
Project("{FAE04EC0-301F-11D3-BF4B-00C04F79EFBC}") = "Web", "Web\Web.csproj", "{EBA43E20-066C-4982-9F2C-65F18221B474}"
EndProject
Global
	GlobalSection(SolutionConfigurationPlatforms) = preSolution
		Debug|Any CPU = Debug|Any CPU
		Release|Any CPU = Release|Any CPU
	EndGlobalSection
	GlobalSection(ProjectConfigurationPlatforms) = postSolution
		{478563D5-5BA4-4373-B58B-5732751DBAA1}.Debug|Any CPU.ActiveCfg = Debug|Any CPU
		{478563D5-5BA4-4373-B58B-5732751DBAA1}.Debug|Any CPU.Build.0 = Debug|Any CPU
		{478563D5-5BA4-4373-B58B-5732751DBAA1}.Release|Any CPU.ActiveCfg = Release|Any CPU
		{478563D5-5BA4-4373-B58B-5732751DBAA1}.Release|Any CPU.Build.0 = Release|Any CPU
		{9C7283CE-CBE8-407F-96DC-9F1A93CDF8E4}.Debug|Any CPU.ActiveCfg = Debug|Any CPU
		{9C7283CE-CBE8-407F-96DC-9F1A93CDF8E4}.Debug|Any CPU.Build.0 = Debug|Any CPU
		{9C7283CE-CBE8-407F-96DC-9F1A93CDF8E4}.Release|Any CPU.ActiveCfg = Release|Any CPU
		{9C7283CE-CBE8-407F-96DC-9F1A93CDF8E4}.Release|Any CPU.Build.0 = Release|Any CPU
		{EBA43E20-066C-4982-9F2C-65F18221B474}.Debug|Any CPU.ActiveCfg = Debug|Any CPU
		{EBA43E20-066C-4982-9F2C-65F18221B474}.Debug|Any CPU.Build.0 = Debug|Any CPU
		{EBA43E20-066C-4982-9F2C-65F18221B474}.Release|Any CPU.ActiveCfg = Release|Any CPU
		{EBA43E20-066C-4982-9F2C-65F18221B474}.Release|Any CPU.Build.0 = Release|Any CPU
	EndGlobalSection
	GlobalSection(SolutionProperties) = preSolution
		HideSolutionNode = FALSE
	EndGlobalSection
	GlobalSection(NestedProjects) = preSolution
		{478563D5-5BA4-4373-B58B-5732751DBAA1} = {6010699C-5866-46DB-8FED-32239EF1CBA5}
		{9C7283CE-CBE8-407F-96DC-9F1A93CDF8E4} = {6010699C-5866-46DB-8FED-32239EF1CBA5}
		{EBA43E20-066C-4982-9F2C-65F18221B474} = {6010699C-5866-46DB-8FED-32239EF1CBA5}
	EndGlobalSection
	GlobalSection(ExtensibilityGlobals) = postSolution
		SolutionGuid = {26C28916-670E-4E10-8D1A-F3E984BA59E5}
	EndGlobalSection
EndGlobal
